
Microsoft Visual Studio Solution File, Format Version 12.00
# Visual Studio 2013
VisualStudioVersion = 12.0.31101.0
MinimumVisualStudioVersion = 10.0.40219.1
Project("{2150E333-8FDC-42A3-9474-1A3956D46DE8}") = "JC.Front", "JC.Front", "{3227DE33-7A44-4D4B-B666-AEC37B9F65F3}"
EndProject
Project("{FAE04EC0-301F-11D3-BF4B-00C04F79EFBC}") = "JC.Front.MVC", "JC.Front.MVC\JC.Front.MVC.csproj", "{020433A9-E978-4954-8716-C13F9D964DCD}"
EndProject
Project("{FAE04EC0-301F-11D3-BF4B-00C04F79EFBC}") = "JC.Front.WebForms", "JC.Front.WebForms\JC.Front.WebForms.csproj", "{50C4F554-B828-4A00-A406-383E655D210D}"
EndProject
Project("{FAE04EC0-301F-11D3-BF4B-00C04F79EFBC}") = "JC.Front.WebAPI", "JC.Front.WebAPI\JC.Front.WebAPI.csproj", "{F736AF65-466F-469C-9858-0F8436FF59CD}"
EndProject
Project("{2150E333-8FDC-42A3-9474-1A3956D46DE8}") = "JC.Data", "JC.Data", "{EFCEB1F2-070C-4756-8147-ECD0545E438F}"
EndProject
Project("{2150E333-8FDC-42A3-9474-1A3956D46DE8}") = "JC.Utils", "JC.Utils", "{39DF6D51-4D0A-42AA-AF4C-0BE6C11D560B}"
EndProject
Project("{FAE04EC0-301F-11D3-BF4B-00C04F79EFBC}") = "JC.Utils", "JC.Utils\JC.Utils\JC.Utils.csproj", "{4A2493C8-4ACA-454D-8860-2506AC02F71E}"
EndProject
Global
	GlobalSection(SolutionConfigurationPlatforms) = preSolution
		Debug|Any CPU = Debug|Any CPU
		Release|Any CPU = Release|Any CPU
	EndGlobalSection
	GlobalSection(ProjectConfigurationPlatforms) = postSolution
		{020433A9-E978-4954-8716-C13F9D964DCD}.Debug|Any CPU.ActiveCfg = Debug|Any CPU
		{020433A9-E978-4954-8716-C13F9D964DCD}.Debug|Any CPU.Build.0 = Debug|Any CPU
		{020433A9-E978-4954-8716-C13F9D964DCD}.Release|Any CPU.ActiveCfg = Release|Any CPU
		{020433A9-E978-4954-8716-C13F9D964DCD}.Release|Any CPU.Build.0 = Release|Any CPU
		{50C4F554-B828-4A00-A406-383E655D210D}.Debug|Any CPU.ActiveCfg = Debug|Any CPU
		{50C4F554-B828-4A00-A406-383E655D210D}.Debug|Any CPU.Build.0 = Debug|Any CPU
		{50C4F554-B828-4A00-A406-383E655D210D}.Release|Any CPU.ActiveCfg = Release|Any CPU
		{50C4F554-B828-4A00-A406-383E655D210D}.Release|Any CPU.Build.0 = Release|Any CPU
		{F736AF65-466F-469C-9858-0F8436FF59CD}.Debug|Any CPU.ActiveCfg = Debug|Any CPU
		{F736AF65-466F-469C-9858-0F8436FF59CD}.Debug|Any CPU.Build.0 = Debug|Any CPU
		{F736AF65-466F-469C-9858-0F8436FF59CD}.Release|Any CPU.ActiveCfg = Release|Any CPU
		{F736AF65-466F-469C-9858-0F8436FF59CD}.Release|Any CPU.Build.0 = Release|Any CPU
		{4A2493C8-4ACA-454D-8860-2506AC02F71E}.Debug|Any CPU.ActiveCfg = Debug|Any CPU
		{4A2493C8-4ACA-454D-8860-2506AC02F71E}.Debug|Any CPU.Build.0 = Debug|Any CPU
		{4A2493C8-4ACA-454D-8860-2506AC02F71E}.Release|Any CPU.ActiveCfg = Release|Any CPU
		{4A2493C8-4ACA-454D-8860-2506AC02F71E}.Release|Any CPU.Build.0 = Release|Any CPU
	EndGlobalSection
	GlobalSection(SolutionProperties) = preSolution
		HideSolutionNode = FALSE
	EndGlobalSection
	GlobalSection(NestedProjects) = preSolution
		{020433A9-E978-4954-8716-C13F9D964DCD} = {3227DE33-7A44-4D4B-B666-AEC37B9F65F3}
		{50C4F554-B828-4A00-A406-383E655D210D} = {3227DE33-7A44-4D4B-B666-AEC37B9F65F3}
		{F736AF65-466F-469C-9858-0F8436FF59CD} = {3227DE33-7A44-4D4B-B666-AEC37B9F65F3}
		{4A2493C8-4ACA-454D-8860-2506AC02F71E} = {39DF6D51-4D0A-42AA-AF4C-0BE6C11D560B}
	EndGlobalSection
EndGlobal
