
Microsoft Visual Studio Solution File, Format Version 12.00
# Visual Studio 2013
VisualStudioVersion = 12.0.31101.0
MinimumVisualStudioVersion = 10.0.40219.1
Project("{2150E333-8FDC-42A3-9474-1A3956D46DE8}") = "1.Data", "1.Data", "{1B8A4FC0-01D2-47E0-8D82-FFDFE1C6EC86}"
EndProject
Project("{2150E333-8FDC-42A3-9474-1A3956D46DE8}") = "2.Site", "2.Site", "{61662E77-954E-4C9E-B3AE-607A76FCB773}"
EndProject
Project("{2150E333-8FDC-42A3-9474-1A3956D46DE8}") = "3.Utils", "3.Utils", "{24C419E2-E540-44EC-908C-F9958519167C}"
EndProject
Project("{FAE04EC0-301F-11D3-BF4B-00C04F79EFBC}") = "Utils", "3.Utils\JC.Utils\Utils.csproj", "{4A2493C8-4ACA-454D-8860-2506AC02F71E}"
EndProject
Project("{FAE04EC0-301F-11D3-BF4B-00C04F79EFBC}") = "Site.WebAPI", "Site.WebAPI\Site.WebAPI.csproj", "{BC479566-71B8-4247-8287-B7056E5B1C24}"
EndProject
Project("{2150E333-8FDC-42A3-9474-1A3956D46DE8}") = "Cache", "Cache", "{E8EE7779-302B-4966-B97C-57999C502771}"
EndProject
Global
	GlobalSection(SolutionConfigurationPlatforms) = preSolution
		Debug|Any CPU = Debug|Any CPU
		Release|Any CPU = Release|Any CPU
	EndGlobalSection
	GlobalSection(ProjectConfigurationPlatforms) = postSolution
		{4A2493C8-4ACA-454D-8860-2506AC02F71E}.Debug|Any CPU.ActiveCfg = Debug|Any CPU
		{4A2493C8-4ACA-454D-8860-2506AC02F71E}.Debug|Any CPU.Build.0 = Debug|Any CPU
		{4A2493C8-4ACA-454D-8860-2506AC02F71E}.Release|Any CPU.ActiveCfg = Release|Any CPU
		{4A2493C8-4ACA-454D-8860-2506AC02F71E}.Release|Any CPU.Build.0 = Release|Any CPU
		{BC479566-71B8-4247-8287-B7056E5B1C24}.Debug|Any CPU.ActiveCfg = Debug|Any CPU
		{BC479566-71B8-4247-8287-B7056E5B1C24}.Debug|Any CPU.Build.0 = Debug|Any CPU
		{BC479566-71B8-4247-8287-B7056E5B1C24}.Release|Any CPU.ActiveCfg = Release|Any CPU
		{BC479566-71B8-4247-8287-B7056E5B1C24}.Release|Any CPU.Build.0 = Release|Any CPU
	EndGlobalSection
	GlobalSection(SolutionProperties) = preSolution
		HideSolutionNode = FALSE
	EndGlobalSection
	GlobalSection(NestedProjects) = preSolution
		{4A2493C8-4ACA-454D-8860-2506AC02F71E} = {24C419E2-E540-44EC-908C-F9958519167C}
		{BC479566-71B8-4247-8287-B7056E5B1C24} = {61662E77-954E-4C9E-B3AE-607A76FCB773}
		{E8EE7779-302B-4966-B97C-57999C502771} = {1B8A4FC0-01D2-47E0-8D82-FFDFE1C6EC86}
	EndGlobalSection
EndGlobal
